
Microsoft Visual Studio Solution File, Format Version 12.00
# Visual Studio 15
VisualStudioVersion = 15.0.27703.2018
MinimumVisualStudioVersion = 10.0.40219.1
Project("{FAE04EC0-301F-11D3-BF4B-00C04F79EFBC}") = "TN2", "TN2.csproj", "{E96F183B-BC77-4774-9CC4-994945AC7719}"
EndProject
Global
	GlobalSection(SolutionConfigurationPlatforms) = preSolution
		Debug|Any CPU = Debug|Any CPU
		Release|Any CPU = Release|Any CPU
	EndGlobalSection
	GlobalSection(ProjectConfigurationPlatforms) = postSolution
		{E96F183B-BC77-4774-9CC4-994945AC7719}.Debug|Any CPU.ActiveCfg = Debug|Any CPU
		{E96F183B-BC77-4774-9CC4-994945AC7719}.Debug|Any CPU.Build.0 = Debug|Any CPU
		{E96F183B-BC77-4774-9CC4-994945AC7719}.Release|Any CPU.ActiveCfg = Release|Any CPU
		{E96F183B-BC77-4774-9CC4-994945AC7719}.Release|Any CPU.Build.0 = Release|Any CPU
	EndGlobalSection
	GlobalSection(SolutionProperties) = preSolution
		HideSolutionNode = FALSE
	EndGlobalSection
	GlobalSection(ExtensibilityGlobals) = postSolution
		SolutionGuid = {5ED2D9E6-4342-4308-B009-74B899BA9CBE}
	EndGlobalSection
EndGlobal
